#
# This file is autogenerated by pip-compile with Python 3.11
# by the following command:
#
#    pip-compile --allow-unsafe --generate-hashes --output-file=requirements-local-build.lock --strip-extras requirements-local-build.in
#
wheel==0.45.1 \
    --hash=sha256:661e1abd9198507b1409a20c02106d9670b2576e916d58f520316666abca6729 \
    --hash=sha256:708e7481cc80179af0e556bbf0cc00b8444c7321e2700b8d8580231d13017248
    # via -r requirements-local-build.in

# The following packages are considered to be unsafe in a requirements file:
pip==24.3.1 \
    --hash=sha256:3790624780082365f47549d032f3770eeb2b1e8bd1f7b2e02dace1afa361b4ed \
    --hash=sha256:ebcb60557f2aefabc2e0f918751cd24ea0d56d8ec5445fe1807f1d2109660b99
    # via -r requirements-local-build.in
setuptools==75.8.0 \
    --hash=sha256:c5afc8f407c626b8313a86e10311dd3f661c6cd9c09d4bf8c15c0e11f9f2b0e6 \
    --hash=sha256:e3982f444617239225d675215d51f6ba05f845d4eec313da4418fdbb56fb27e3
    # via -r requirements-local-build.in
